
Microsoft Visual Studio Solution File, Format Version 9.00
# Visual Studio 2005
Project("{8BC9CEB8-8B4A-11D0-8D11-00A0C91BC942}") = "Text", "Text.vcproj", "{67BC4E7A-0B86-48C8-81CB-4759EAC14BA9}"
EndProject
Global
	GlobalSection(SolutionConfigurationPlatforms) = preSolution
		Debug Runtime|Win32 = Debug Runtime|Win32
		Debug|Win32 = Debug|Win32
		Release|Win32 = Release|Win32
		Runtime|Win32 = Runtime|Win32
	EndGlobalSection
	GlobalSection(ProjectConfigurationPlatforms) = postSolution
		{67BC4E7A-0B86-48C8-81CB-4759EAC14BA9}.Debug Runtime|Win32.ActiveCfg = Debug Runtime|Win32
		{67BC4E7A-0B86-48C8-81CB-4759EAC14BA9}.Debug Runtime|Win32.Build.0 = Debug Runtime|Win32
		{67BC4E7A-0B86-48C8-81CB-4759EAC14BA9}.Debug|Win32.ActiveCfg = Debug|Win32
		{67BC4E7A-0B86-48C8-81CB-4759EAC14BA9}.Debug|Win32.Build.0 = Debug|Win32
		{67BC4E7A-0B86-48C8-81CB-4759EAC14BA9}.Release|Win32.ActiveCfg = Release|Win32
		{67BC4E7A-0B86-48C8-81CB-4759EAC14BA9}.Release|Win32.Build.0 = Release|Win32
		{67BC4E7A-0B86-48C8-81CB-4759EAC14BA9}.Runtime|Win32.ActiveCfg = Runtime|Win32
		{67BC4E7A-0B86-48C8-81CB-4759EAC14BA9}.Runtime|Win32.Build.0 = Runtime|Win32
	EndGlobalSection
	GlobalSection(SolutionProperties) = preSolution
		HideSolutionNode = FALSE
	EndGlobalSection
EndGlobal
