
Microsoft Visual Studio Solution File, Format Version 9.00
# Visual Studio 2005
Project("{8BC9CEB8-8B4A-11D0-8D11-00A0C91BC942}") = "Construct", "Construct.vcproj", "{149F8C14-1D7A-48FA-8F89-570ADD8907E9}"
EndProject
Global
	GlobalSection(SolutionConfigurationPlatforms) = preSolution
		DebugXP|Win32 = DebugXP|Win32
		Release|Win32 = Release|Win32
		Release2|Win32 = Release2|Win32
		ReleaseXP2|Win32 = ReleaseXP2|Win32
	EndGlobalSection
	GlobalSection(ProjectConfigurationPlatforms) = postSolution
		{149F8C14-1D7A-48FA-8F89-570ADD8907E9}.DebugXP|Win32.ActiveCfg = DebugXP|Win32
		{149F8C14-1D7A-48FA-8F89-570ADD8907E9}.DebugXP|Win32.Build.0 = DebugXP|Win32
		{149F8C14-1D7A-48FA-8F89-570ADD8907E9}.Release|Win32.ActiveCfg = Release|Win32
		{149F8C14-1D7A-48FA-8F89-570ADD8907E9}.Release|Win32.Build.0 = Release|Win32
		{149F8C14-1D7A-48FA-8F89-570ADD8907E9}.Release2|Win32.ActiveCfg = DebugXP|Win32
		{149F8C14-1D7A-48FA-8F89-570ADD8907E9}.Release2|Win32.Build.0 = DebugXP|Win32
		{149F8C14-1D7A-48FA-8F89-570ADD8907E9}.ReleaseXP2|Win32.ActiveCfg = ReleaseXP2|Win32
		{149F8C14-1D7A-48FA-8F89-570ADD8907E9}.ReleaseXP2|Win32.Build.0 = ReleaseXP2|Win32
	EndGlobalSection
	GlobalSection(SolutionProperties) = preSolution
		HideSolutionNode = FALSE
	EndGlobalSection
EndGlobal
